
Microsoft Visual Studio Solution File, Format Version 12.00
# Visual Studio Version 17
VisualStudioVersion = 17.14.36623.8 d17.14
MinimumVisualStudioVersion = 10.0.40219.1
Project("{FAE04EC0-301F-11D3-BF4B-00C04F79EFBC}") = "FoodMap", "FoodMap\FoodMap.csproj", "{25262629-6B20-40A7-B1BD-D808795D2E6C}"
EndProject
Project("{2150E333-8FDC-42A3-9474-1A3956D46DE8}") = "Éléments de solution", "Éléments de solution", "{9C8CB701-102D-CF49-A3E0-89AC09D42C2C}"
	ProjectSection(SolutionItems) = preProject
		README.md = README.md
	EndProjectSection
EndProject
Global
	GlobalSection(SolutionConfigurationPlatforms) = preSolution
		Debug|Any CPU = Debug|Any CPU
		Release|Any CPU = Release|Any CPU
	EndGlobalSection
	GlobalSection(ProjectConfigurationPlatforms) = postSolution
		{25262629-6B20-40A7-B1BD-D808795D2E6C}.Debug|Any CPU.ActiveCfg = Debug|Any CPU
		{25262629-6B20-40A7-B1BD-D808795D2E6C}.Debug|Any CPU.Build.0 = Debug|Any CPU
		{25262629-6B20-40A7-B1BD-D808795D2E6C}.Debug|Any CPU.Deploy.0 = Debug|Any CPU
		{25262629-6B20-40A7-B1BD-D808795D2E6C}.Release|Any CPU.ActiveCfg = Release|Any CPU
		{25262629-6B20-40A7-B1BD-D808795D2E6C}.Release|Any CPU.Build.0 = Release|Any CPU
	EndGlobalSection
	GlobalSection(SolutionProperties) = preSolution
		HideSolutionNode = FALSE
	EndGlobalSection
	GlobalSection(ExtensibilityGlobals) = postSolution
		SolutionGuid = {2A976823-7635-4225-94C8-751C23D0A0B8}
	EndGlobalSection
EndGlobal
